
Microsoft Visual Studio Solution File, Format Version 12.00
# Visual Studio Version 16
VisualStudioVersion = 16.0.29926.136
MinimumVisualStudioVersion = 10.0.40219.1
Project("{FAE04EC0-301F-11D3-BF4B-00C04F79EFBC}") = "ScriptCsPad", "ScriptCsPad\ScriptCsPad.csproj", "{53CC43FC-D034-4A9A-9998-64DBB683CC19}"
EndProject
Project("{2150E333-8FDC-42A3-9474-1A3956D46DE8}") = ".nuget", ".nuget", "{905994EB-FAE6-42A2-B648-0F694969F98F}"
	ProjectSection(SolutionItems) = preProject
		.nuget\NuGet.Config = .nuget\NuGet.Config
		..\PTVS\Build\NuGet.exe = ..\PTVS\Build\NuGet.exe
		.nuget\NuGet.targets = .nuget\NuGet.targets
	EndProjectSection
EndProject
Global
	GlobalSection(SolutionConfigurationPlatforms) = preSolution
		Debug|Any CPU = Debug|Any CPU
		Release|Any CPU = Release|Any CPU
	EndGlobalSection
	GlobalSection(ProjectConfigurationPlatforms) = postSolution
		{53CC43FC-D034-4A9A-9998-64DBB683CC19}.Debug|Any CPU.ActiveCfg = Debug|Any CPU
		{53CC43FC-D034-4A9A-9998-64DBB683CC19}.Debug|Any CPU.Build.0 = Debug|Any CPU
		{53CC43FC-D034-4A9A-9998-64DBB683CC19}.Release|Any CPU.ActiveCfg = Release|Any CPU
		{53CC43FC-D034-4A9A-9998-64DBB683CC19}.Release|Any CPU.Build.0 = Release|Any CPU
	EndGlobalSection
	GlobalSection(SolutionProperties) = preSolution
		HideSolutionNode = FALSE
	EndGlobalSection
	GlobalSection(ExtensibilityGlobals) = postSolution
		SolutionGuid = {C5C20687-BB41-4959-A47C-B30EB254BF50}
	EndGlobalSection
EndGlobal
